// !$*UTF8*$!
{
	archiveVersion = 1;
	classes = {
	};
	objectVersion = 50;
	objects = {

/* Begin PBXBuildFile section */
		C9E351EF22B42F2700DF4A40 /* AppDelegate.swift in Sources */ = {isa = PBXBuildFile; fileRef = C9E351EE22B42F2700DF4A40 /* AppDelegate.swift */; };
		C9E351F122B42F2700DF4A40 /* ViewController.swift in Sources */ = {isa = PBXBuildFile; fileRef = C9E351F022B42F2700DF4A40 /* ViewController.swift */; };
		C9E351F422B42F2700DF4A40 /* Main.storyboard in Resources */ = {isa = PBXBuildFile; fileRef = C9E351F222B42F2700DF4A40 /* Main.storyboard */; };
		C9E351F722B42F2700DF4A40 /* searching_app.xcdatamodeld in Sources */ = {isa = PBXBuildFile; fileRef = C9E351F522B42F2700DF4A40 /* searching_app.xcdatamodeld */; };
		C9E351F922B42F2A00DF4A40 /* Assets.xcassets in Resources */ = {isa = PBXBuildFile; fileRef = C9E351F822B42F2A00DF4A40 /* Assets.xcassets */; };
		C9E351FC22B42F2A00DF4A40 /* LaunchScreen.storyboard in Resources */ = {isa = PBXBuildFile; fileRef = C9E351FA22B42F2A00DF4A40 /* LaunchScreen.storyboard */; };
		C9E3520722B42F2A00DF4A40 /* searching_appTests.swift in Sources */ = {isa = PBXBuildFile; fileRef = C9E3520622B42F2A00DF4A40 /* searching_appTests.swift */; };
		C9E3521222B42F2A00DF4A40 /* searching_appUITests.swift in Sources */ = {isa = PBXBuildFile; fileRef = C9E3521122B42F2A00DF4A40 /* searching_appUITests.swift */; };
/* End PBXBuildFile section */

/* Begin PBXContainerItemProxy section */
		C9E3520322B42F2A00DF4A40 /* PBXContainerItemProxy */ = {
			isa = PBXContainerItemProxy;
			containerPortal = C9E351E322B42F2700DF4A40 /* Project object */;
			proxyType = 1;
			remoteGlobalIDString = C9E351EA22B42F2700DF4A40;
			remoteInfo = searching_app;
		};
		C9E3520E22B42F2A00DF4A40 /* PBXContainerItemProxy */ = {
			isa = PBXContainerItemProxy;
			containerPortal = C9E351E322B42F2700DF4A40 /* Project object */;
			proxyType = 1;
			remoteGlobalIDString = C9E351EA22B42F2700DF4A40;
			remoteInfo = searching_app;
		};
/* End PBXContainerItemProxy section */

/* Begin PBXFileReference section */
		C9E351EB22B42F2700DF4A40 /* searching_app.app */ = {isa = PBXFileReference; explicitFileType = wrapper.application; includeInIndex = 0; path = searching_app.app; sourceTree = BUILT_PRODUCTS_DIR; };
		C9E351EE22B42F2700DF4A40 /* AppDelegate.swift */ = {isa = PBXFileReference; lastKnownFileType = sourcecode.swift; path = AppDelegate.swift; sourceTree = "<group>"; };
		C9E351F022B42F2700DF4A40 /* ViewController.swift */ = {isa = PBXFileReference; lastKnownFileType = sourcecode.swift; path = ViewController.swift; sourceTree = "<group>"; };
		C9E351F322B42F2700DF4A40 /* Base */ = {isa = PBXFileReference; lastKnownFileType = file.storyboard; name = Base; path = Base.lproj/Main.storyboard; sourceTree = "<group>"; };
		C9E351F622B42F2700DF4A40 /* searching_app.xcdatamodel */ = {isa = PBXFileReference; lastKnownFileType = wrapper.xcdatamodel; path = searching_app.xcdatamodel; sourceTree = "<group>"; };
		C9E351F822B42F2A00DF4A40 /* Assets.xcassets */ = {isa = PBXFileReference; lastKnownFileType = folder.assetcatalog; path = Assets.xcassets; sourceTree = "<group>"; };
		C9E351FB22B42F2A00DF4A40 /* Base */ = {isa = PBXFileReference; lastKnownFileType = file.storyboard; name = Base; path = Base.lproj/LaunchScreen.storyboard; sourceTree = "<group>"; };
		C9E351FD22B42F2A00DF4A40 /* Info.plist */ = {isa = PBXFileReference; lastKnownFileType = text.plist.xml; path = Info.plist; sourceTree = "<group>"; };
		C9E3520222B42F2A00DF4A40 /* searching_appTests.xctest */ = {isa = PBXFileReference; explicitFileType = wrapper.cfbundle; includeInIndex = 0; path = searching_appTests.xctest; sourceTree = BUILT_PRODUCTS_DIR; };
		C9E3520622B42F2A00DF4A40 /* searching_appTests.swift */ = {isa = PBXFileReference; lastKnownFileType = sourcecode.swift; path = searching_appTests.swift; sourceTree = "<group>"; };
		C9E3520822B42F2A00DF4A40 /* Info.plist */ = {isa = PBXFileReference; lastKnownFileType = text.plist.xml; path = Info.plist; sourceTree = "<group>"; };
		C9E3520D22B42F2A00DF4A40 /* searching_appUITests.xctest */ = {isa = PBXFileReference; explicitFileType = wrapper.cfbundle; includeInIndex = 0; path = searching_appUITests.xctest; sourceTree = BUILT_PRODUCTS_DIR; };
		C9E3521122B42F2A00DF4A40 /* searching_appUITests.swift */ = {isa = PBXFileReference; lastKnownFileType = sourcecode.swift; path = searching_appUITests.swift; sourceTree = "<group>"; };
		C9E3521322B42F2A00DF4A40 /* Info.plist */ = {isa = PBXFileReference; lastKnownFileType = text.plist.xml; path = Info.plist; sourceTree = "<group>"; };
/* End PBXFileReference section */

/* Begin PBXFrameworksBuildPhase section */
		C9E351E822B42F2700DF4A40 /* Frameworks */ = {
			isa = PBXFrameworksBuildPhase;
			buildActionMask = 2147483647;
			files = (
			);
			runOnlyForDeploymentPostprocessing = 0;
		};
		C9E351FF22B42F2A00DF4A40 /* Frameworks */ = {
			isa = PBXFrameworksBuildPhase;
			buildActionMask = 2147483647;
			files = (
			);
			runOnlyForDeploymentPostprocessing = 0;
		};
		C9E3520A22B42F2A00DF4A40 /* Frameworks */ = {
			isa = PBXFrameworksBuildPhase;
			buildActionMask = 2147483647;
			files = (
			);
			runOnlyForDeploymentPostprocessing = 0;
		};
/* End PBXFrameworksBuildPhase section */

/* Begin PBXGroup section */
		C9E351E222B42F2700DF4A40 = {
			isa = PBXGroup;
			children = (
				C9E351ED22B42F2700DF4A40 /* searching_app */,
				C9E3520522B42F2A00DF4A40 /* searching_appTests */,
				C9E3521022B42F2A00DF4A40 /* searching_appUITests */,
				C9E351EC22B42F2700DF4A40 /* Products */,
			);
			sourceTree = "<group>";
		};
		C9E351EC22B42F2700DF4A40 /* Products */ = {
			isa = PBXGroup;
			children = (
				C9E351EB22B42F2700DF4A40 /* searching_app.app */,
				C9E3520222B42F2A00DF4A40 /* searching_appTests.xctest */,
				C9E3520D22B42F2A00DF4A40 /* searching_appUITests.xctest */,
			);
			name = Products;
			sourceTree = "<group>";
		};
		C9E351ED22B42F2700DF4A40 /* searching_app */ = {
			isa = PBXGroup;
			children = (
				C9E351EE22B42F2700DF4A40 /* AppDelegate.swift */,
				C9E351F022B42F2700DF4A40 /* ViewController.swift */,
				C9E351F222B42F2700DF4A40 /* Main.storyboard */,
				C9E351F822B42F2A00DF4A40 /* Assets.xcassets */,
				C9E351FA22B42F2A00DF4A40 /* LaunchScreen.storyboard */,
				C9E351FD22B42F2A00DF4A40 /* Info.plist */,
				C9E351F522B42F2700DF4A40 /* searching_app.xcdatamodeld */,
			);
			path = searching_app;
			sourceTree = "<group>";
		};
		C9E3520522B42F2A00DF4A40 /* searching_appTests */ = {
			isa = PBXGroup;
			children = (
				C9E3520622B42F2A00DF4A40 /* searching_appTests.swift */,
				C9E3520822B42F2A00DF4A40 /* Info.plist */,
			);
			path = searching_appTests;
			sourceTree = "<group>";
		};
		C9E3521022B42F2A00DF4A40 /* searching_appUITests */ = {
			isa = PBXGroup;
			children = (
				C9E3521122B42F2A00DF4A40 /* searching_appUITests.swift */,
				C9E3521322B42F2A00DF4A40 /* Info.plist */,
			);
			path = searching_appUITests;
			sourceTree = "<group>";
		};
/* End PBXGroup section */

/* Begin PBXNativeTarget section */
		C9E351EA22B42F2700DF4A40 /* searching_app */ = {
			isa = PBXNativeTarget;
			buildConfigurationList = C9E3521622B42F2A00DF4A40 /* Build configuration list for PBXNativeTarget "searching_app" */;
			buildPhases = (
				C9E351E722B42F2700DF4A40 /* Sources */,
				C9E351E822B42F2700DF4A40 /* Frameworks */,
				C9E351E922B42F2700DF4A40 /* Resources */,
			);
			buildRules = (
			);
			dependencies = (
			);
			name = searching_app;
			productName = searching_app;
			productReference = C9E351EB22B42F2700DF4A40 /* searching_app.app */;
			productType = "com.apple.product-type.application";
		};
		C9E3520122B42F2A00DF4A40 /* searching_appTests */ = {
			isa = PBXNativeTarget;
			buildConfigurationList = C9E3521922B42F2A00DF4A40 /* Build configuration list for PBXNativeTarget "searching_appTests" */;
			buildPhases = (
				C9E351FE22B42F2A00DF4A40 /* Sources */,
				C9E351FF22B42F2A00DF4A40 /* Frameworks */,
				C9E3520022B42F2A00DF4A40 /* Resources */,
			);
			buildRules = (
			);
			dependencies = (
				C9E3520422B42F2A00DF4A40 /* PBXTargetDependency */,
			);
			name = searching_appTests;
			productName = searching_appTests;
			productReference = C9E3520222B42F2A00DF4A40 /* searching_appTests.xctest */;
			productType = "com.apple.product-type.bundle.unit-test";
		};
		C9E3520C22B42F2A00DF4A40 /* searching_appUITests */ = {
			isa = PBXNativeTarget;
			buildConfigurationList = C9E3521C22B42F2A00DF4A40 /* Build configuration list for PBXNativeTarget "searching_appUITests" */;
			buildPhases = (
				C9E3520922B42F2A00DF4A40 /* Sources */,
				C9E3520A22B42F2A00DF4A40 /* Frameworks */,
				C9E3520B22B42F2A00DF4A40 /* Resources */,
			);
			buildRules = (
			);
			dependencies = (
				C9E3520F22B42F2A00DF4A40 /* PBXTargetDependency */,
			);
			name = searching_appUITests;
			productName = searching_appUITests;
			productReference = C9E3520D22B42F2A00DF4A40 /* searching_appUITests.xctest */;
			productType = "com.apple.product-type.bundle.ui-testing";
		};
/* End PBXNativeTarget section */

/* Begin PBXProject section */
		C9E351E322B42F2700DF4A40 /* Project object */ = {
			isa = PBXProject;
			attributes = {
				LastSwiftUpdateCheck = 1010;
				LastUpgradeCheck = 1010;
				ORGANIZATIONNAME = "Lizaveta Rudzko";
				TargetAttributes = {
					C9E351EA22B42F2700DF4A40 = {
						CreatedOnToolsVersion = 10.1;
					};
					C9E3520122B42F2A00DF4A40 = {
						CreatedOnToolsVersion = 10.1;
						TestTargetID = C9E351EA22B42F2700DF4A40;
					};
					C9E3520C22B42F2A00DF4A40 = {
						CreatedOnToolsVersion = 10.1;
						TestTargetID = C9E351EA22B42F2700DF4A40;
					};
				};
			};
			buildConfigurationList = C9E351E622B42F2700DF4A40 /* Build configuration list for PBXProject "searching_app" */;
			compatibilityVersion = "Xcode 9.3";
			developmentRegion = en;
			hasScannedForEncodings = 0;
			knownRegions = (
				en,
				Base,
			);
			mainGroup = C9E351E222B42F2700DF4A40;
			productRefGroup = C9E351EC22B42F2700DF4A40 /* Products */;
			projectDirPath = "";
			projectRoot = "";
			targets = (
				C9E351EA22B42F2700DF4A40 /* searching_app */,
				C9E3520122B42F2A00DF4A40 /* searching_appTests */,
				C9E3520C22B42F2A00DF4A40 /* searching_appUITests */,
			);
		};
/* End PBXProject section */

/* Begin PBXResourcesBuildPhase section */
		C9E351E922B42F2700DF4A40 /* Resources */ = {
			isa = PBXResourcesBuildPhase;
			buildActionMask = 2147483647;
			files = (
				C9E351FC22B42F2A00DF4A40 /* LaunchScreen.storyboard in Resources */,
				C9E351F922B42F2A00DF4A40 /* Assets.xcassets in Resources */,
				C9E351F422B42F2700DF4A40 /* Main.storyboard in Resources */,
			);
			runOnlyForDeploymentPostprocessing = 0;
		};
		C9E3520022B42F2A00DF4A40 /* Resources */ = {
			isa = PBXResourcesBuildPhase;
			buildActionMask = 2147483647;
			files = (
			);
			runOnlyForDeploymentPostprocessing = 0;
		};
		C9E3520B22B42F2A00DF4A40 /* Resources */ = {
			isa = PBXResourcesBuildPhase;
			buildActionMask = 2147483647;
			files = (
			);
			runOnlyForDeploymentPostprocessing = 0;
		};
/* End PBXResourcesBuildPhase section */

/* Begin PBXSourcesBuildPhase section */
		C9E351E722B42F2700DF4A40 /* Sources */ = {
			isa = PBXSourcesBuildPhase;
			buildActionMask = 2147483647;
			files = (
				C9E351F722B42F2700DF4A40 /* searching_app.xcdatamodeld in Sources */,
				C9E351F122B42F2700DF4A40 /* ViewController.swift in Sources */,
				C9E351EF22B42F2700DF4A40 /* AppDelegate.swift in Sources */,
			);
			runOnlyForDeploymentPostprocessing = 0;
		};
		C9E351FE22B42F2A00DF4A40 /* Sources */ = {
			isa = PBXSourcesBuildPhase;
			buildActionMask = 2147483647;
			files = (
				C9E3520722B42F2A00DF4A40 /* searching_appTests.swift in Sources */,
			);
			runOnlyForDeploymentPostprocessing = 0;
		};
		C9E3520922B42F2A00DF4A40 /* Sources */ = {
			isa = PBXSourcesBuildPhase;
			buildActionMask = 2147483647;
			files = (
				C9E3521222B42F2A00DF4A40 /* searching_appUITests.swift in Sources */,
			);
			runOnlyForDeploymentPostprocessing = 0;
		};
/* End PBXSourcesBuildPhase section */

/* Begin PBXTargetDependency section */
		C9E3520422B42F2A00DF4A40 /* PBXTargetDependency */ = {
			isa = PBXTargetDependency;
			target = C9E351EA22B42F2700DF4A40 /* searching_app */;
			targetProxy = C9E3520322B42F2A00DF4A40 /* PBXContainerItemProxy */;
		};
		C9E3520F22B42F2A00DF4A40 /* PBXTargetDependency */ = {
			isa = PBXTargetDependency;
			target = C9E351EA22B42F2700DF4A40 /* searching_app */;
			targetProxy = C9E3520E22B42F2A00DF4A40 /* PBXContainerItemProxy */;
		};
/* End PBXTargetDependency section */

/* Begin PBXVariantGroup section */
		C9E351F222B42F2700DF4A40 /* Main.storyboard */ = {
			isa = PBXVariantGroup;
			children = (
				C9E351F322B42F2700DF4A40 /* Base */,
			);
			name = Main.storyboard;
			sourceTree = "<group>";
		};
		C9E351FA22B42F2A00DF4A40 /* LaunchScreen.storyboard */ = {
			isa = PBXVariantGroup;
			children = (
				C9E351FB22B42F2A00DF4A40 /* Base */,
			);
			name = LaunchScreen.storyboard;
			sourceTree = "<group>";
		};
/* End PBXVariantGroup section */

/* Begin XCBuildConfiguration section */
		C9E3521422B42F2A00DF4A40 /* Debug */ = {
			isa = XCBuildConfiguration;
			buildSettings = {
				ALWAYS_SEARCH_USER_PATHS = NO;
				CLANG_ANALYZER_NONNULL = YES;
				CLANG_ANALYZER_NUMBER_OBJECT_CONVERSION = YES_AGGRESSIVE;
				CLANG_CXX_LANGUAGE_STANDARD = "gnu++14";
				CLANG_CXX_LIBRARY = "libc++";
				CLANG_ENABLE_MODULES = YES;
				CLANG_ENABLE_OBJC_ARC = YES;
				CLANG_ENABLE_OBJC_WEAK = YES;
				CLANG_WARN_BLOCK_CAPTURE_AUTORELEASING = YES;
				CLANG_WARN_BOOL_CONVERSION = YES;
				CLANG_WARN_COMMA = YES;
				CLANG_WARN_CONSTANT_CONVERSION = YES;
				CLANG_WARN_DEPRECATED_OBJC_IMPLEMENTATIONS = YES;
				CLANG_WARN_DIRECT_OBJC_ISA_USAGE = YES_ERROR;
				CLANG_WARN_DOCUMENTATION_COMMENTS = YES;
				CLANG_WARN_EMPTY_BODY = YES;
				CLANG_WARN_ENUM_CONVERSION = YES;
				CLANG_WARN_INFINITE_RECURSION = YES;
				CLANG_WARN_INT_CONVERSION = YES;
				CLANG_WARN_NON_LITERAL_NULL_CONVERSION = YES;
				CLANG_WARN_OBJC_IMPLICIT_RETAIN_SELF = YES;
				CLANG_WARN_OBJC_LITERAL_CONVERSION = YES;
				CLANG_WARN_OBJC_ROOT_CLASS = YES_ERROR;
				CLANG_WARN_RANGE_LOOP_ANALYSIS = YES;
				CLANG_WARN_STRICT_PROTOTYPES = YES;
				CLANG_WARN_SUSPICIOUS_MOVE = YES;
				CLANG_WARN_UNGUARDED_AVAILABILITY = YES_AGGRESSIVE;
				CLANG_WARN_UNREACHABLE_CODE = YES;
				CLANG_WARN__DUPLICATE_METHOD_MATCH = YES;
				CODE_SIGN_IDENTITY = "iPhone Developer";
				COPY_PHASE_STRIP = NO;
				DEBUG_INFORMATION_FORMAT = dwarf;
				ENABLE_STRICT_OBJC_MSGSEND = YES;
				ENABLE_TESTABILITY = YES;
				GCC_C_LANGUAGE_STANDARD = gnu11;
				GCC_DYNAMIC_NO_PIC = NO;
				GCC_NO_COMMON_BLOCKS = YES;
				GCC_OPTIMIZATION_LEVEL = 0;
				GCC_PREPROCESSOR_DEFINITIONS = (
					"DEBUG=1",
					"$(inherited)",
				);
				GCC_WARN_64_TO_32_BIT_CONVERSION = YES;
				GCC_WARN_ABOUT_RETURN_TYPE = YES_ERROR;
				GCC_WARN_UNDECLARED_SELECTOR = YES;
				GCC_WARN_UNINITIALIZED_AUTOS = YES_AGGRESSIVE;
				GCC_WARN_UNUSED_FUNCTION = YES;
				GCC_WARN_UNUSED_VARIABLE = YES;
				IPHONEOS_DEPLOYMENT_TARGET = 12.1;
				MTL_ENABLE_DEBUG_INFO = INCLUDE_SOURCE;
				MTL_FAST_MATH = YES;
				ONLY_ACTIVE_ARCH = YES;
				SDKROOT = iphoneos;
				SWIFT_ACTIVE_COMPILATION_CONDITIONS = DEBUG;
				SWIFT_OPTIMIZATION_LEVEL = "-Onone";
			};
			name = Debug;
		};
		C9E3521522B42F2A00DF4A40 /* Release */ = {
			isa = XCBuildConfiguration;
			buildSettings = {
				ALWAYS_SEARCH_USER_PATHS = NO;
				CLANG_ANALYZER_NONNULL = YES;
				CLANG_ANALYZER_NUMBER_OBJECT_CONVERSION = YES_AGGRESSIVE;
				CLANG_CXX_LANGUAGE_STANDARD = "gnu++14";
				CLANG_CXX_LIBRARY = "libc++";
				CLANG_ENABLE_MODULES = YES;
				CLANG_ENABLE_OBJC_ARC = YES;
				CLANG_ENABLE_OBJC_WEAK = YES;
				CLANG_WARN_BLOCK_CAPTURE_AUTORELEASING = YES;
				CLANG_WARN_BOOL_CONVERSION = YES;
				CLANG_WARN_COMMA = YES;
				CLANG_WARN_CONSTANT_CONVERSION = YES;
				CLANG_WARN_DEPRECATED_OBJC_IMPLEMENTATIONS = YES;
				CLANG_WARN_DIRECT_OBJC_ISA_USAGE = YES_ERROR;
				CLANG_WARN_DOCUMENTATION_COMMENTS = YES;
				CLANG_WARN_EMPTY_BODY = YES;
				CLANG_WARN_ENUM_CONVERSION = YES;
				CLANG_WARN_INFINITE_RECURSION = YES;
				CLANG_WARN_INT_CONVERSION = YES;
				CLANG_WARN_NON_LITERAL_NULL_CONVERSION = YES;
				CLANG_WARN_OBJC_IMPLICIT_RETAIN_SELF = YES;
				CLANG_WARN_OBJC_LITERAL_CONVERSION = YES;
				CLANG_WARN_OBJC_ROOT_CLASS = YES_ERROR;
				CLANG_WARN_RANGE_LOOP_ANALYSIS = YES;
				CLANG_WARN_STRICT_PROTOTYPES = YES;
				CLANG_WARN_SUSPICIOUS_MOVE = YES;
				CLANG_WARN_UNGUARDED_AVAILABILITY = YES_AGGRESSIVE;
				CLANG_WARN_UNREACHABLE_CODE = YES;
				CLANG_WARN__DUPLICATE_METHOD_MATCH = YES;
				CODE_SIGN_IDENTITY = "iPhone Developer";
				COPY_PHASE_STRIP = NO;
				DEBUG_INFORMATION_FORMAT = "dwarf-with-dsym";
				ENABLE_NS_ASSERTIONS = NO;
				ENABLE_STRICT_OBJC_MSGSEND = YES;
				GCC_C_LANGUAGE_STANDARD = gnu11;
				GCC_NO_COMMON_BLOCKS = YES;
				GCC_WARN_64_TO_32_BIT_CONVERSION = YES;
				GCC_WARN_ABOUT_RETURN_TYPE = YES_ERROR;
				GCC_WARN_UNDECLARED_SELECTOR = YES;
				GCC_WARN_UNINITIALIZED_AUTOS = YES_AGGRESSIVE;
				GCC_WARN_UNUSED_FUNCTION = YES;
				GCC_WARN_UNUSED_VARIABLE = YES;
				IPHONEOS_DEPLOYMENT_TARGET = 12.1;
				MTL_ENABLE_DEBUG_INFO = NO;
				MTL_FAST_MATH = YES;
				SDKROOT = iphoneos;
				SWIFT_COMPILATION_MODE = wholemodule;
				SWIFT_OPTIMIZATION_LEVEL = "-O";
				VALIDATE_PRODUCT = YES;
			};
			name = Release;
		};
		C9E3521722B42F2A00DF4A40 /* Debug */ = {
			isa = XCBuildConfiguration;
			buildSettings = {
				ASSETCATALOG_COMPILER_APPICON_NAME = AppIcon;
				CODE_SIGN_STYLE = Automatic;
				DEVELOPMENT_TEAM = 9JR97RNFU5;
				INFOPLIST_FILE = searching_app/Info.plist;
				LD_RUNPATH_SEARCH_PATHS = (
					"$(inherited)",
					"@executable_path/Frameworks",
				);
				PRODUCT_BUNDLE_IDENTIFIER = "Lizaveta-Rudzko.searching-app";
				PRODUCT_NAME = "$(TARGET_NAME)";
				SWIFT_VERSION = 4.2;
				TARGETED_DEVICE_FAMILY = "1,2";
			};
			name = Debug;
		};
		C9E3521822B42F2A00DF4A40 /* Release */ = {
			isa = XCBuildConfiguration;
			buildSettings = {
				ASSETCATALOG_COMPILER_APPICON_NAME = AppIcon;
				CODE_SIGN_STYLE = Automatic;
				DEVELOPMENT_TEAM = 9JR97RNFU5;
				INFOPLIST_FILE = searching_app/Info.plist;
				LD_RUNPATH_SEARCH_PATHS = (
					"$(inherited)",
					"@executable_path/Frameworks",
				);
				PRODUCT_BUNDLE_IDENTIFIER = "Lizaveta-Rudzko.searching-app";
				PRODUCT_NAME = "$(TARGET_NAME)";
				SWIFT_VERSION = 4.2;
				TARGETED_DEVICE_FAMILY = "1,2";
			};
			name = Release;
		};
		C9E3521A22B42F2A00DF4A40 /* Debug */ = {
			isa = XCBuildConfiguration;
			buildSettings = {
				ALWAYS_EMBED_SWIFT_STANDARD_LIBRARIES = YES;
				BUNDLE_LOADER = "$(TEST_HOST)";
				CODE_SIGN_STYLE = Automatic;
				DEVELOPMENT_TEAM = 9JR97RNFU5;
				INFOPLIST_FILE = searching_appTests/Info.plist;
				LD_RUNPATH_SEARCH_PATHS = (
					"$(inherited)",
					"@executable_path/Frameworks",
					"@loader_path/Frameworks",
				);
				PRODUCT_BUNDLE_IDENTIFIER = "Lizaveta-Rudzko.searching-appTests";
				PRODUCT_NAME = "$(TARGET_NAME)";
				SWIFT_VERSION = 4.2;
				TARGETED_DEVICE_FAMILY = "1,2";
				TEST_HOST = "$(BUILT_PRODUCTS_DIR)/searching_app.app/searching_app";
			};
			name = Debug;
		};
		C9E3521B22B42F2A00DF4A40 /* Release */ = {
			isa = XCBuildConfiguration;
			buildSettings = {
				ALWAYS_EMBED_SWIFT_STANDARD_LIBRARIES = YES;
				BUNDLE_LOADER = "$(TEST_HOST)";
				CODE_SIGN_STYLE = Automatic;
				DEVELOPMENT_TEAM = 9JR97RNFU5;
				INFOPLIST_FILE = searching_appTests/Info.plist;
				LD_RUNPATH_SEARCH_PATHS = (
					"$(inherited)",
					"@executable_path/Frameworks",
					"@loader_path/Frameworks",
				);
				PRODUCT_BUNDLE_IDENTIFIER = "Lizaveta-Rudzko.searching-appTests";
				PRODUCT_NAME = "$(TARGET_NAME)";
				SWIFT_VERSION = 4.2;
				TARGETED_DEVICE_FAMILY = "1,2";
				TEST_HOST = "$(BUILT_PRODUCTS_DIR)/searching_app.app/searching_app";
			};
			name = Release;
		};
		C9E3521D22B42F2A00DF4A40 /* Debug */ = {
			isa = XCBuildConfiguration;
			buildSettings = {
				ALWAYS_EMBED_SWIFT_STANDARD_LIBRARIES = YES;
				CODE_SIGN_STYLE = Automatic;
				DEVELOPMENT_TEAM = 9JR97RNFU5;
				INFOPLIST_FILE = searching_appUITests/Info.plist;
				LD_RUNPATH_SEARCH_PATHS = (
					"$(inherited)",
					"@executable_path/Frameworks",
					"@loader_path/Frameworks",
				);
				PRODUCT_BUNDLE_IDENTIFIER = "Lizaveta-Rudzko.searching-appUITests";
				PRODUCT_NAME = "$(TARGET_NAME)";
				SWIFT_VERSION = 4.2;
				TARGETED_DEVICE_FAMILY = "1,2";
				TEST_TARGET_NAME = searching_app;
			};
			name = Debug;
		};
		C9E3521E22B42F2A00DF4A40 /* Release */ = {
			isa = XCBuildConfiguration;
			buildSettings = {
				ALWAYS_EMBED_SWIFT_STANDARD_LIBRARIES = YES;
				CODE_SIGN_STYLE = Automatic;
				DEVELOPMENT_TEAM = 9JR97RNFU5;
				INFOPLIST_FILE = searching_appUITests/Info.plist;
				LD_RUNPATH_SEARCH_PATHS = (
					"$(inherited)",
					"@executable_path/Frameworks",
					"@loader_path/Frameworks",
				);
				PRODUCT_BUNDLE_IDENTIFIER = "Lizaveta-Rudzko.searching-appUITests";
				PRODUCT_NAME = "$(TARGET_NAME)";
				SWIFT_VERSION = 4.2;
				TARGETED_DEVICE_FAMILY = "1,2";
				TEST_TARGET_NAME = searching_app;
			};
			name = Release;
		};
/* End XCBuildConfiguration section */

/* Begin XCConfigurationList section */
		C9E351E622B42F2700DF4A40 /* Build configuration list for PBXProject "searching_app" */ = {
			isa = XCConfigurationList;
			buildConfigurations = (
				C9E3521422B42F2A00DF4A40 /* Debug */,
				C9E3521522B42F2A00DF4A40 /* Release */,
			);
			defaultConfigurationIsVisible = 0;
			defaultConfigurationName = Release;
		};
		C9E3521622B42F2A00DF4A40 /* Build configuration list for PBXNativeTarget "searching_app" */ = {
			isa = XCConfigurationList;
			buildConfigurations = (
				C9E3521722B42F2A00DF4A40 /* Debug */,
				C9E3521822B42F2A00DF4A40 /* Release */,
			);
			defaultConfigurationIsVisible = 0;
			defaultConfigurationName = Release;
		};
		C9E3521922B42F2A00DF4A40 /* Build configuration list for PBXNativeTarget "searching_appTests" */ = {
			isa = XCConfigurationList;
			buildConfigurations = (
				C9E3521A22B42F2A00DF4A40 /* Debug */,
				C9E3521B22B42F2A00DF4A40 /* Release */,
			);
			defaultConfigurationIsVisible = 0;
			defaultConfigurationName = Release;
		};
		C9E3521C22B42F2A00DF4A40 /* Build configuration list for PBXNativeTarget "searching_appUITests" */ = {
			isa = XCConfigurationList;
			buildConfigurations = (
				C9E3521D22B42F2A00DF4A40 /* Debug */,
				C9E3521E22B42F2A00DF4A40 /* Release */,
			);
			defaultConfigurationIsVisible = 0;
			defaultConfigurationName = Release;
		};
/* End XCConfigurationList section */

/* Begin XCVersionGroup section */
		C9E351F522B42F2700DF4A40 /* searching_app.xcdatamodeld */ = {
			isa = XCVersionGroup;
			children = (
				C9E351F622B42F2700DF4A40 /* searching_app.xcdatamodel */,
			);
			currentVersion = C9E351F622B42F2700DF4A40 /* searching_app.xcdatamodel */;
			path = searching_app.xcdatamodeld;
			sourceTree = "<group>";
			versionGroupType = wrapper.xcdatamodel;
		};
/* End XCVersionGroup section */
	};
	rootObject = C9E351E322B42F2700DF4A40 /* Project object */;
}
